
Microsoft Visual Studio Solution File, Format Version 12.00
# Visual Studio Version 17
VisualStudioVersion = 17.11.35312.102
MinimumVisualStudioVersion = 10.0.40219.1
Project("{FAE04EC0-301F-11D3-BF4B-00C04F79EFBC}") = "Cursor", "Cursor\Cursor.csproj", "{84D1B073-2EE7-43C3-B046-B76F5EFF65F9}"
EndProject
Global
	GlobalSection(SolutionConfigurationPlatforms) = preSolution
		Debug|Any CPU = Debug|Any CPU
		Release|Any CPU = Release|Any CPU
	EndGlobalSection
	GlobalSection(ProjectConfigurationPlatforms) = postSolution
		{84D1B073-2EE7-43C3-B046-B76F5EFF65F9}.Debug|Any CPU.ActiveCfg = Debug|Any CPU
		{84D1B073-2EE7-43C3-B046-B76F5EFF65F9}.Debug|Any CPU.Build.0 = Debug|Any CPU
		{84D1B073-2EE7-43C3-B046-B76F5EFF65F9}.Release|Any CPU.ActiveCfg = Release|Any CPU
		{84D1B073-2EE7-43C3-B046-B76F5EFF65F9}.Release|Any CPU.Build.0 = Release|Any CPU
	EndGlobalSection
	GlobalSection(SolutionProperties) = preSolution
		HideSolutionNode = FALSE
	EndGlobalSection
	GlobalSection(ExtensibilityGlobals) = postSolution
		SolutionGuid = {2EE457BD-82CA-4AB5-9DB5-6CFA4491C124}
	EndGlobalSection
EndGlobal
