
Microsoft Visual Studio Solution File, Format Version 12.00
# Visual Studio Version 17
VisualStudioVersion = 17.11.35303.130
MinimumVisualStudioVersion = 10.0.40219.1
Project("{FAE04EC0-301F-11D3-BF4B-00C04F79EFBC}") = "Basics", "Basics\Basics.csproj", "{DEF98AE2-A398-4D75-B3BD-25C138939986}"
EndProject
Global
	GlobalSection(SolutionConfigurationPlatforms) = preSolution
		Debug|Any CPU = Debug|Any CPU
		Release|Any CPU = Release|Any CPU
	EndGlobalSection
	GlobalSection(ProjectConfigurationPlatforms) = postSolution
		{DEF98AE2-A398-4D75-B3BD-25C138939986}.Debug|Any CPU.ActiveCfg = Debug|Any CPU
		{DEF98AE2-A398-4D75-B3BD-25C138939986}.Debug|Any CPU.Build.0 = Debug|Any CPU
		{DEF98AE2-A398-4D75-B3BD-25C138939986}.Release|Any CPU.ActiveCfg = Release|Any CPU
		{DEF98AE2-A398-4D75-B3BD-25C138939986}.Release|Any CPU.Build.0 = Release|Any CPU
	EndGlobalSection
	GlobalSection(SolutionProperties) = preSolution
		HideSolutionNode = FALSE
	EndGlobalSection
	GlobalSection(ExtensibilityGlobals) = postSolution
		SolutionGuid = {E455D11A-C4C0-4830-B00E-A568A0F631AF}
	EndGlobalSection
EndGlobal
